// !$*UTF8*$!
{
	archiveVersion = 1;
	classes = {
	};
	objectVersion = 46;
	objects = {

/* Begin PBXBuildFile section */
		500AEFE04EE7EC5110F8F312 /* libPods.a in Frameworks */ = {isa = PBXBuildFile; fileRef = 4AAF99ECF33C5B99762729F5 /* libPods.a */; };
		930169781BF4DC1900FE0394 /* MediaFullScreenViewController.m in Sources */ = {isa = PBXBuildFile; fileRef = 930169771BF4DC1900FE0394 /* MediaFullScreenViewController.m */; };
		933ACFCE1BF1FC460036284F /* main.m in Sources */ = {isa = PBXBuildFile; fileRef = 933ACFCD1BF1FC460036284F /* main.m */; };
		933ACFD11BF1FC460036284F /* AppDelegate.m in Sources */ = {isa = PBXBuildFile; fileRef = 933ACFD01BF1FC460036284F /* AppDelegate.m */; };
		933ACFD91BF1FC460036284F /* Images.xcassets in Resources */ = {isa = PBXBuildFile; fileRef = 933ACFD81BF1FC460036284F /* Images.xcassets */; };
		933ACFDC1BF1FC460036284F /* LaunchScreen.xib in Resources */ = {isa = PBXBuildFile; fileRef = 933ACFDA1BF1FC460036284F /* LaunchScreen.xib */; };
		933ACFE81BF1FC460036284F /* BlocstagramTests.m in Sources */ = {isa = PBXBuildFile; fileRef = 933ACFE71BF1FC460036284F /* BlocstagramTests.m */; };
		933ACFFC1BF1FC870036284F /* 1.jpg in Resources */ = {isa = PBXBuildFile; fileRef = 933ACFF21BF1FC870036284F /* 1.jpg */; };
		933ACFFD1BF1FC870036284F /* 2.jpg in Resources */ = {isa = PBXBuildFile; fileRef = 933ACFF31BF1FC870036284F /* 2.jpg */; };
		933ACFFE1BF1FC870036284F /* 3.jpg in Resources */ = {isa = PBXBuildFile; fileRef = 933ACFF41BF1FC870036284F /* 3.jpg */; };
		933ACFFF1BF1FC870036284F /* 4.jpg in Resources */ = {isa = PBXBuildFile; fileRef = 933ACFF51BF1FC870036284F /* 4.jpg */; };
		933AD0001BF1FC870036284F /* 5.jpg in Resources */ = {isa = PBXBuildFile; fileRef = 933ACFF61BF1FC870036284F /* 5.jpg */; };
		933AD0011BF1FC870036284F /* 6.jpg in Resources */ = {isa = PBXBuildFile; fileRef = 933ACFF71BF1FC870036284F /* 6.jpg */; };
		933AD0021BF1FC870036284F /* 7.jpg in Resources */ = {isa = PBXBuildFile; fileRef = 933ACFF81BF1FC870036284F /* 7.jpg */; };
		933AD0031BF1FC870036284F /* 8.jpg in Resources */ = {isa = PBXBuildFile; fileRef = 933ACFF91BF1FC870036284F /* 8.jpg */; };
		933AD0041BF1FC870036284F /* 9.jpg in Resources */ = {isa = PBXBuildFile; fileRef = 933ACFFA1BF1FC870036284F /* 9.jpg */; };
		933AD0051BF1FC870036284F /* 10.jpg in Resources */ = {isa = PBXBuildFile; fileRef = 933ACFFB1BF1FC870036284F /* 10.jpg */; };
		933AD0081BF1FD070036284F /* ImagesTableViewController.m in Sources */ = {isa = PBXBuildFile; fileRef = 933AD0071BF1FD070036284F /* ImagesTableViewController.m */; };
		933AD00B1BF20CA10036284F /* User.m in Sources */ = {isa = PBXBuildFile; fileRef = 933AD00A1BF20CA10036284F /* User.m */; };
		933AD0161BF210A60036284F /* Comment.m in Sources */ = {isa = PBXBuildFile; fileRef = 933AD0131BF210A60036284F /* Comment.m */; };
		9352159A1BF213FD007D4E8E /* Media.m in Sources */ = {isa = PBXBuildFile; fileRef = 935215991BF213FD007D4E8E /* Media.m */; };
		9352159D1BF21446007D4E8E /* DataSource.m in Sources */ = {isa = PBXBuildFile; fileRef = 9352159C1BF21446007D4E8E /* DataSource.m */; };
		935215A01BF22BF4007D4E8E /* MediaTableViewCell.m in Sources */ = {isa = PBXBuildFile; fileRef = 9352159F1BF22BF4007D4E8E /* MediaTableViewCell.m */; };
		93AB349B1BF48C8500E7740D /* LoginViewController.m in Sources */ = {isa = PBXBuildFile; fileRef = 93AB349A1BF48C8500E7740D /* LoginViewController.m */; };
/* End PBXBuildFile section */

/* Begin PBXContainerItemProxy section */
		933ACFE21BF1FC460036284F /* PBXContainerItemProxy */ = {
			isa = PBXContainerItemProxy;
			containerPortal = 933ACFC01BF1FC450036284F /* Project object */;
			proxyType = 1;
			remoteGlobalIDString = 933ACFC71BF1FC450036284F;
			remoteInfo = Blocstagram;
		};
/* End PBXContainerItemProxy section */

/* Begin PBXFileReference section */
		32B5A7BEFF2929E39404928E /* Pods.debug.xcconfig */ = {isa = PBXFileReference; includeInIndex = 1; lastKnownFileType = text.xcconfig; name = Pods.debug.xcconfig; path = "Pods/Target Support Files/Pods/Pods.debug.xcconfig"; sourceTree = "<group>"; };
		4AAF99ECF33C5B99762729F5 /* libPods.a */ = {isa = PBXFileReference; explicitFileType = archive.ar; includeInIndex = 0; path = libPods.a; sourceTree = BUILT_PRODUCTS_DIR; };
		6D8C1D380CD051F34EED4155 /* Pods.release.xcconfig */ = {isa = PBXFileReference; includeInIndex = 1; lastKnownFileType = text.xcconfig; name = Pods.release.xcconfig; path = "Pods/Target Support Files/Pods/Pods.release.xcconfig"; sourceTree = "<group>"; };
		930169761BF4DC1900FE0394 /* MediaFullScreenViewController.h */ = {isa = PBXFileReference; fileEncoding = 4; lastKnownFileType = sourcecode.c.h; path = MediaFullScreenViewController.h; sourceTree = "<group>"; };
		930169771BF4DC1900FE0394 /* MediaFullScreenViewController.m */ = {isa = PBXFileReference; fileEncoding = 4; lastKnownFileType = sourcecode.c.objc; path = MediaFullScreenViewController.m; sourceTree = "<group>"; };
		933ACFC81BF1FC450036284F /* Blocstagram.app */ = {isa = PBXFileReference; explicitFileType = wrapper.application; includeInIndex = 0; path = Blocstagram.app; sourceTree = BUILT_PRODUCTS_DIR; };
		933ACFCC1BF1FC460036284F /* Info.plist */ = {isa = PBXFileReference; lastKnownFileType = text.plist.xml; path = Info.plist; sourceTree = "<group>"; };
		933ACFCD1BF1FC460036284F /* main.m */ = {isa = PBXFileReference; lastKnownFileType = sourcecode.c.objc; path = main.m; sourceTree = "<group>"; };
		933ACFCF1BF1FC460036284F /* AppDelegate.h */ = {isa = PBXFileReference; lastKnownFileType = sourcecode.c.h; path = AppDelegate.h; sourceTree = "<group>"; };
		933ACFD01BF1FC460036284F /* AppDelegate.m */ = {isa = PBXFileReference; lastKnownFileType = sourcecode.c.objc; path = AppDelegate.m; sourceTree = "<group>"; };
		933ACFD81BF1FC460036284F /* Images.xcassets */ = {isa = PBXFileReference; lastKnownFileType = folder.assetcatalog; path = Images.xcassets; sourceTree = "<group>"; };
		933ACFDB1BF1FC460036284F /* Base */ = {isa = PBXFileReference; lastKnownFileType = file.xib; name = Base; path = Base.lproj/LaunchScreen.xib; sourceTree = "<group>"; };
		933ACFE11BF1FC460036284F /* BlocstagramTests.xctest */ = {isa = PBXFileReference; explicitFileType = wrapper.cfbundle; includeInIndex = 0; path = BlocstagramTests.xctest; sourceTree = BUILT_PRODUCTS_DIR; };
		933ACFE61BF1FC460036284F /* Info.plist */ = {isa = PBXFileReference; lastKnownFileType = text.plist.xml; path = Info.plist; sourceTree = "<group>"; };
		933ACFE71BF1FC460036284F /* BlocstagramTests.m */ = {isa = PBXFileReference; lastKnownFileType = sourcecode.c.objc; path = BlocstagramTests.m; sourceTree = "<group>"; };
		933ACFF21BF1FC870036284F /* 1.jpg */ = {isa = PBXFileReference; lastKnownFileType = image.jpeg; path = 1.jpg; sourceTree = "<group>"; };
		933ACFF31BF1FC870036284F /* 2.jpg */ = {isa = PBXFileReference; lastKnownFileType = image.jpeg; path = 2.jpg; sourceTree = "<group>"; };
		933ACFF41BF1FC870036284F /* 3.jpg */ = {isa = PBXFileReference; lastKnownFileType = image.jpeg; path = 3.jpg; sourceTree = "<group>"; };
		933ACFF51BF1FC870036284F /* 4.jpg */ = {isa = PBXFileReference; lastKnownFileType = image.jpeg; path = 4.jpg; sourceTree = "<group>"; };
		933ACFF61BF1FC870036284F /* 5.jpg */ = {isa = PBXFileReference; lastKnownFileType = image.jpeg; path = 5.jpg; sourceTree = "<group>"; };
		933ACFF71BF1FC870036284F /* 6.jpg */ = {isa = PBXFileReference; lastKnownFileType = image.jpeg; path = 6.jpg; sourceTree = "<group>"; };
		933ACFF81BF1FC870036284F /* 7.jpg */ = {isa = PBXFileReference; lastKnownFileType = image.jpeg; path = 7.jpg; sourceTree = "<group>"; };
		933ACFF91BF1FC870036284F /* 8.jpg */ = {isa = PBXFileReference; lastKnownFileType = image.jpeg; path = 8.jpg; sourceTree = "<group>"; };
		933ACFFA1BF1FC870036284F /* 9.jpg */ = {isa = PBXFileReference; lastKnownFileType = image.jpeg; path = 9.jpg; sourceTree = "<group>"; };
		933ACFFB1BF1FC870036284F /* 10.jpg */ = {isa = PBXFileReference; lastKnownFileType = image.jpeg; path = 10.jpg; sourceTree = "<group>"; };
		933AD0061BF1FD070036284F /* ImagesTableViewController.h */ = {isa = PBXFileReference; fileEncoding = 4; lastKnownFileType = sourcecode.c.h; path = ImagesTableViewController.h; sourceTree = "<group>"; };
		933AD0071BF1FD070036284F /* ImagesTableViewController.m */ = {isa = PBXFileReference; fileEncoding = 4; lastKnownFileType = sourcecode.c.objc; path = ImagesTableViewController.m; sourceTree = "<group>"; };
		933AD0091BF20CA10036284F /* User.h */ = {isa = PBXFileReference; fileEncoding = 4; lastKnownFileType = sourcecode.c.h; path = User.h; sourceTree = "<group>"; };
		933AD00A1BF20CA10036284F /* User.m */ = {isa = PBXFileReference; fileEncoding = 4; lastKnownFileType = sourcecode.c.objc; path = User.m; sourceTree = "<group>"; };
		933AD0121BF210A60036284F /* Comment.h */ = {isa = PBXFileReference; fileEncoding = 4; lastKnownFileType = sourcecode.c.h; path = Comment.h; sourceTree = "<group>"; };
		933AD0131BF210A60036284F /* Comment.m */ = {isa = PBXFileReference; fileEncoding = 4; lastKnownFileType = sourcecode.c.objc; path = Comment.m; sourceTree = "<group>"; };
		935215981BF213FD007D4E8E /* Media.h */ = {isa = PBXFileReference; fileEncoding = 4; lastKnownFileType = sourcecode.c.h; name = Media.h; path = ../Media.h; sourceTree = "<group>"; };
		935215991BF213FD007D4E8E /* Media.m */ = {isa = PBXFileReference; fileEncoding = 4; lastKnownFileType = sourcecode.c.objc; name = Media.m; path = ../Media.m; sourceTree = "<group>"; };
		9352159B1BF21446007D4E8E /* DataSource.h */ = {isa = PBXFileReference; fileEncoding = 4; lastKnownFileType = sourcecode.c.h; name = DataSource.h; path = ../DataSource.h; sourceTree = "<group>"; };
		9352159C1BF21446007D4E8E /* DataSource.m */ = {isa = PBXFileReference; fileEncoding = 4; lastKnownFileType = sourcecode.c.objc; name = DataSource.m; path = ../DataSource.m; sourceTree = "<group>"; };
		9352159E1BF22BF4007D4E8E /* MediaTableViewCell.h */ = {isa = PBXFileReference; fileEncoding = 4; lastKnownFileType = sourcecode.c.h; name = MediaTableViewCell.h; path = ../MediaTableViewCell.h; sourceTree = "<group>"; };
		9352159F1BF22BF4007D4E8E /* MediaTableViewCell.m */ = {isa = PBXFileReference; fileEncoding = 4; lastKnownFileType = sourcecode.c.objc; name = MediaTableViewCell.m; path = ../MediaTableViewCell.m; sourceTree = "<group>"; };
		93AB34991BF48C8500E7740D /* LoginViewController.h */ = {isa = PBXFileReference; fileEncoding = 4; lastKnownFileType = sourcecode.c.h; path = LoginViewController.h; sourceTree = "<group>"; };
		93AB349A1BF48C8500E7740D /* LoginViewController.m */ = {isa = PBXFileReference; fileEncoding = 4; lastKnownFileType = sourcecode.c.objc; path = LoginViewController.m; sourceTree = "<group>"; };
/* End PBXFileReference section */

/* Begin PBXFrameworksBuildPhase section */
		933ACFC51BF1FC450036284F /* Frameworks */ = {
			isa = PBXFrameworksBuildPhase;
			buildActionMask = 2147483647;
			files = (
				500AEFE04EE7EC5110F8F312 /* libPods.a in Frameworks */,
			);
			runOnlyForDeploymentPostprocessing = 0;
		};
		933ACFDE1BF1FC460036284F /* Frameworks */ = {
			isa = PBXFrameworksBuildPhase;
			buildActionMask = 2147483647;
			files = (
			);
			runOnlyForDeploymentPostprocessing = 0;
		};
/* End PBXFrameworksBuildPhase section */

/* Begin PBXGroup section */
		39B02E74EC41DDF7C484DE31 /* Pods */ = {
			isa = PBXGroup;
			children = (
				32B5A7BEFF2929E39404928E /* Pods.debug.xcconfig */,
				6D8C1D380CD051F34EED4155 /* Pods.release.xcconfig */,
			);
			name = Pods;
			sourceTree = "<group>";
		};
		933ACFBF1BF1FC450036284F = {
			isa = PBXGroup;
			children = (
				933ACFCA1BF1FC450036284F /* Blocstagram */,
				933ACFE41BF1FC460036284F /* BlocstagramTests */,
				933ACFC91BF1FC450036284F /* Products */,
				39B02E74EC41DDF7C484DE31 /* Pods */,
				F0E0DB19930C47A8B397A265 /* Frameworks */,
			);
			sourceTree = "<group>";
		};
		933ACFC91BF1FC450036284F /* Products */ = {
			isa = PBXGroup;
			children = (
				933ACFC81BF1FC450036284F /* Blocstagram.app */,
				933ACFE11BF1FC460036284F /* BlocstagramTests.xctest */,
			);
			name = Products;
			sourceTree = "<group>";
		};
		933ACFCA1BF1FC450036284F /* Blocstagram */ = {
			isa = PBXGroup;
			children = (
				933AD0121BF210A60036284F /* Comment.h */,
				933AD0131BF210A60036284F /* Comment.m */,
				933AD0091BF20CA10036284F /* User.h */,
				933AD00A1BF20CA10036284F /* User.m */,
				933ACFF11BF1FC710036284F /* Images */,
				933ACFCF1BF1FC460036284F /* AppDelegate.h */,
				933ACFD01BF1FC460036284F /* AppDelegate.m */,
				935215981BF213FD007D4E8E /* Media.h */,
				935215991BF213FD007D4E8E /* Media.m */,
				9352159B1BF21446007D4E8E /* DataSource.h */,
				9352159C1BF21446007D4E8E /* DataSource.m */,
				9352159E1BF22BF4007D4E8E /* MediaTableViewCell.h */,
				9352159F1BF22BF4007D4E8E /* MediaTableViewCell.m */,
				933AD0061BF1FD070036284F /* ImagesTableViewController.h */,
				933AD0071BF1FD070036284F /* ImagesTableViewController.m */,
				933ACFD81BF1FC460036284F /* Images.xcassets */,
				933ACFDA1BF1FC460036284F /* LaunchScreen.xib */,
				933ACFCB1BF1FC460036284F /* Supporting Files */,
				93AB34991BF48C8500E7740D /* LoginViewController.h */,
				93AB349A1BF48C8500E7740D /* LoginViewController.m */,
				930169761BF4DC1900FE0394 /* MediaFullScreenViewController.h */,
				930169771BF4DC1900FE0394 /* MediaFullScreenViewController.m */,
			);
			path = Blocstagram;
			sourceTree = "<group>";
		};
		933ACFCB1BF1FC460036284F /* Supporting Files */ = {
			isa = PBXGroup;
			children = (
				933ACFCC1BF1FC460036284F /* Info.plist */,
				933ACFCD1BF1FC460036284F /* main.m */,
			);
			name = "Supporting Files";
			sourceTree = "<group>";
		};
		933ACFE41BF1FC460036284F /* BlocstagramTests */ = {
			isa = PBXGroup;
			children = (
				933ACFE71BF1FC460036284F /* BlocstagramTests.m */,
				933ACFE51BF1FC460036284F /* Supporting Files */,
			);
			path = BlocstagramTests;
			sourceTree = "<group>";
		};
		933ACFE51BF1FC460036284F /* Supporting Files */ = {
			isa = PBXGroup;
			children = (
				933ACFE61BF1FC460036284F /* Info.plist */,
			);
			name = "Supporting Files";
			sourceTree = "<group>";
		};
		933ACFF11BF1FC710036284F /* Images */ = {
			isa = PBXGroup;
			children = (
				933ACFF21BF1FC870036284F /* 1.jpg */,
				933ACFF31BF1FC870036284F /* 2.jpg */,
				933ACFF41BF1FC870036284F /* 3.jpg */,
				933ACFF51BF1FC870036284F /* 4.jpg */,
				933ACFF61BF1FC870036284F /* 5.jpg */,
				933ACFF71BF1FC870036284F /* 6.jpg */,
				933ACFF81BF1FC870036284F /* 7.jpg */,
				933ACFF91BF1FC870036284F /* 8.jpg */,
				933ACFFA1BF1FC870036284F /* 9.jpg */,
				933ACFFB1BF1FC870036284F /* 10.jpg */,
			);
			name = Images;
			sourceTree = "<group>";
		};
		F0E0DB19930C47A8B397A265 /* Frameworks */ = {
			isa = PBXGroup;
			children = (
				4AAF99ECF33C5B99762729F5 /* libPods.a */,
			);
			name = Frameworks;
			sourceTree = "<group>";
		};
/* End PBXGroup section */

/* Begin PBXNativeTarget section */
		933ACFC71BF1FC450036284F /* Blocstagram */ = {
			isa = PBXNativeTarget;
			buildConfigurationList = 933ACFEB1BF1FC460036284F /* Build configuration list for PBXNativeTarget "Blocstagram" */;
			buildPhases = (
				2DA82B4F395B998AE1B1C283 /* Check Pods Manifest.lock */,
				933ACFC41BF1FC450036284F /* Sources */,
				933ACFC51BF1FC450036284F /* Frameworks */,
				933ACFC61BF1FC450036284F /* Resources */,
				1F99344BADBA4E20EA59DC9A /* Embed Pods Frameworks */,
				BE9A9A772C5180EE03005716 /* Copy Pods Resources */,
			);
			buildRules = (
			);
			dependencies = (
			);
			name = Blocstagram;
			productName = Blocstagram;
			productReference = 933ACFC81BF1FC450036284F /* Blocstagram.app */;
			productType = "com.apple.product-type.application";
		};
		933ACFE01BF1FC460036284F /* BlocstagramTests */ = {
			isa = PBXNativeTarget;
			buildConfigurationList = 933ACFEE1BF1FC460036284F /* Build configuration list for PBXNativeTarget "BlocstagramTests" */;
			buildPhases = (
				933ACFDD1BF1FC460036284F /* Sources */,
				933ACFDE1BF1FC460036284F /* Frameworks */,
				933ACFDF1BF1FC460036284F /* Resources */,
			);
			buildRules = (
			);
			dependencies = (
				933ACFE31BF1FC460036284F /* PBXTargetDependency */,
			);
			name = BlocstagramTests;
			productName = BlocstagramTests;
			productReference = 933ACFE11BF1FC460036284F /* BlocstagramTests.xctest */;
			productType = "com.apple.product-type.bundle.unit-test";
		};
/* End PBXNativeTarget section */

/* Begin PBXProject section */
		933ACFC01BF1FC450036284F /* Project object */ = {
			isa = PBXProject;
			attributes = {
				LastUpgradeCheck = 0710;
				ORGANIZATIONNAME = "Eric Chamberlin";
				TargetAttributes = {
					933ACFC71BF1FC450036284F = {
						CreatedOnToolsVersion = 6.4;
					};
					933ACFE01BF1FC460036284F = {
						CreatedOnToolsVersion = 6.4;
						TestTargetID = 933ACFC71BF1FC450036284F;
					};
				};
			};
			buildConfigurationList = 933ACFC31BF1FC450036284F /* Build configuration list for PBXProject "Blocstagram" */;
			compatibilityVersion = "Xcode 3.2";
			developmentRegion = English;
			hasScannedForEncodings = 0;
			knownRegions = (
				en,
				Base,
			);
			mainGroup = 933ACFBF1BF1FC450036284F;
			productRefGroup = 933ACFC91BF1FC450036284F /* Products */;
			projectDirPath = "";
			projectRoot = "";
			targets = (
				933ACFC71BF1FC450036284F /* Blocstagram */,
				933ACFE01BF1FC460036284F /* BlocstagramTests */,
			);
		};
/* End PBXProject section */

/* Begin PBXResourcesBuildPhase section */
		933ACFC61BF1FC450036284F /* Resources */ = {
			isa = PBXResourcesBuildPhase;
			buildActionMask = 2147483647;
			files = (
				933AD0041BF1FC870036284F /* 9.jpg in Resources */,
				933AD0031BF1FC870036284F /* 8.jpg in Resources */,
				933ACFFF1BF1FC870036284F /* 4.jpg in Resources */,
				933ACFFE1BF1FC870036284F /* 3.jpg in Resources */,
				933AD0011BF1FC870036284F /* 6.jpg in Resources */,
				933ACFFC1BF1FC870036284F /* 1.jpg in Resources */,
				933ACFDC1BF1FC460036284F /* LaunchScreen.xib in Resources */,
				933AD0001BF1FC870036284F /* 5.jpg in Resources */,
				933AD0021BF1FC870036284F /* 7.jpg in Resources */,
				933ACFFD1BF1FC870036284F /* 2.jpg in Resources */,
				933AD0051BF1FC870036284F /* 10.jpg in Resources */,
				933ACFD91BF1FC460036284F /* Images.xcassets in Resources */,
			);
			runOnlyForDeploymentPostprocessing = 0;
		};
		933ACFDF1BF1FC460036284F /* Resources */ = {
			isa = PBXResourcesBuildPhase;
			buildActionMask = 2147483647;
			files = (
			);
			runOnlyForDeploymentPostprocessing = 0;
		};
/* End PBXResourcesBuildPhase section */

/* Begin PBXShellScriptBuildPhase section */
		1F99344BADBA4E20EA59DC9A /* Embed Pods Frameworks */ = {
			isa = PBXShellScriptBuildPhase;
			buildActionMask = 2147483647;
			files = (
			);
			inputPaths = (
			);
			name = "Embed Pods Frameworks";
			outputPaths = (
			);
			runOnlyForDeploymentPostprocessing = 0;
			shellPath = /bin/sh;
			shellScript = "\"${SRCROOT}/Pods/Target Support Files/Pods/Pods-frameworks.sh\"\n";
			showEnvVarsInLog = 0;
		};
		2DA82B4F395B998AE1B1C283 /* Check Pods Manifest.lock */ = {
			isa = PBXShellScriptBuildPhase;
			buildActionMask = 2147483647;
			files = (
			);
			inputPaths = (
			);
			name = "Check Pods Manifest.lock";
			outputPaths = (
			);
			runOnlyForDeploymentPostprocessing = 0;
			shellPath = /bin/sh;
			shellScript = "diff \"${PODS_ROOT}/../Podfile.lock\" \"${PODS_ROOT}/Manifest.lock\" > /dev/null\nif [[ $? != 0 ]] ; then\n    cat << EOM\nerror: The sandbox is not in sync with the Podfile.lock. Run 'pod install' or update your CocoaPods installation.\nEOM\n    exit 1\nfi\n";
			showEnvVarsInLog = 0;
		};
		BE9A9A772C5180EE03005716 /* Copy Pods Resources */ = {
			isa = PBXShellScriptBuildPhase;
			buildActionMask = 2147483647;
			files = (
			);
			inputPaths = (
			);
			name = "Copy Pods Resources";
			outputPaths = (
			);
			runOnlyForDeploymentPostprocessing = 0;
			shellPath = /bin/sh;
			shellScript = "\"${SRCROOT}/Pods/Target Support Files/Pods/Pods-resources.sh\"\n";
			showEnvVarsInLog = 0;
		};
/* End PBXShellScriptBuildPhase section */

/* Begin PBXSourcesBuildPhase section */
		933ACFC41BF1FC450036284F /* Sources */ = {
			isa = PBXSourcesBuildPhase;
			buildActionMask = 2147483647;
			files = (
				930169781BF4DC1900FE0394 /* MediaFullScreenViewController.m in Sources */,
				9352159A1BF213FD007D4E8E /* Media.m in Sources */,
				933AD00B1BF20CA10036284F /* User.m in Sources */,
				935215A01BF22BF4007D4E8E /* MediaTableViewCell.m in Sources */,
				933AD0161BF210A60036284F /* Comment.m in Sources */,
				933AD0081BF1FD070036284F /* ImagesTableViewController.m in Sources */,
				93AB349B1BF48C8500E7740D /* LoginViewController.m in Sources */,
				9352159D1BF21446007D4E8E /* DataSource.m in Sources */,
				933ACFD11BF1FC460036284F /* AppDelegate.m in Sources */,
				933ACFCE1BF1FC460036284F /* main.m in Sources */,
			);
			runOnlyForDeploymentPostprocessing = 0;
		};
		933ACFDD1BF1FC460036284F /* Sources */ = {
			isa = PBXSourcesBuildPhase;
			buildActionMask = 2147483647;
			files = (
				933ACFE81BF1FC460036284F /* BlocstagramTests.m in Sources */,
			);
			runOnlyForDeploymentPostprocessing = 0;
		};
/* End PBXSourcesBuildPhase section */

/* Begin PBXTargetDependency section */
		933ACFE31BF1FC460036284F /* PBXTargetDependency */ = {
			isa = PBXTargetDependency;
			target = 933ACFC71BF1FC450036284F /* Blocstagram */;
			targetProxy = 933ACFE21BF1FC460036284F /* PBXContainerItemProxy */;
		};
/* End PBXTargetDependency section */

/* Begin PBXVariantGroup section */
		933ACFDA1BF1FC460036284F /* LaunchScreen.xib */ = {
			isa = PBXVariantGroup;
			children = (
				933ACFDB1BF1FC460036284F /* Base */,
			);
			name = LaunchScreen.xib;
			sourceTree = "<group>";
		};
/* End PBXVariantGroup section */

/* Begin XCBuildConfiguration section */
		933ACFE91BF1FC460036284F /* Debug */ = {
			isa = XCBuildConfiguration;
			buildSettings = {
				ALWAYS_SEARCH_USER_PATHS = NO;
				CLANG_CXX_LANGUAGE_STANDARD = "gnu++0x";
				CLANG_CXX_LIBRARY = "libc++";
				CLANG_ENABLE_MODULES = YES;
				CLANG_ENABLE_OBJC_ARC = YES;
				CLANG_WARN_BOOL_CONVERSION = YES;
				CLANG_WARN_CONSTANT_CONVERSION = YES;
				CLANG_WARN_DIRECT_OBJC_ISA_USAGE = YES_ERROR;
				CLANG_WARN_EMPTY_BODY = YES;
				CLANG_WARN_ENUM_CONVERSION = YES;
				CLANG_WARN_INT_CONVERSION = YES;
				CLANG_WARN_OBJC_ROOT_CLASS = YES_ERROR;
				CLANG_WARN_UNREACHABLE_CODE = YES;
				CLANG_WARN__DUPLICATE_METHOD_MATCH = YES;
				"CODE_SIGN_IDENTITY[sdk=iphoneos*]" = "iPhone Developer";
				COPY_PHASE_STRIP = NO;
				DEBUG_INFORMATION_FORMAT = "dwarf-with-dsym";
				ENABLE_STRICT_OBJC_MSGSEND = YES;
				ENABLE_TESTABILITY = YES;
				GCC_C_LANGUAGE_STANDARD = gnu99;
				GCC_DYNAMIC_NO_PIC = NO;
				GCC_NO_COMMON_BLOCKS = YES;
				GCC_OPTIMIZATION_LEVEL = 0;
				GCC_PREPROCESSOR_DEFINITIONS = (
					"DEBUG=1",
					"$(inherited)",
				);
				GCC_SYMBOLS_PRIVATE_EXTERN = NO;
				GCC_WARN_64_TO_32_BIT_CONVERSION = YES;
				GCC_WARN_ABOUT_RETURN_TYPE = YES_ERROR;
				GCC_WARN_UNDECLARED_SELECTOR = YES;
				GCC_WARN_UNINITIALIZED_AUTOS = YES_AGGRESSIVE;
				GCC_WARN_UNUSED_FUNCTION = YES;
				GCC_WARN_UNUSED_VARIABLE = YES;
				IPHONEOS_DEPLOYMENT_TARGET = 8.4;
				MTL_ENABLE_DEBUG_INFO = YES;
				ONLY_ACTIVE_ARCH = YES;
				SDKROOT = iphoneos;
				TARGETED_DEVICE_FAMILY = "1,2";
			};
			name = Debug;
		};
		933ACFEA1BF1FC460036284F /* Release */ = {
			isa = XCBuildConfiguration;
			buildSettings = {
				ALWAYS_SEARCH_USER_PATHS = NO;
				CLANG_CXX_LANGUAGE_STANDARD = "gnu++0x";
				CLANG_CXX_LIBRARY = "libc++";
				CLANG_ENABLE_MODULES = YES;
				CLANG_ENABLE_OBJC_ARC = YES;
				CLANG_WARN_BOOL_CONVERSION = YES;
				CLANG_WARN_CONSTANT_CONVERSION = YES;
				CLANG_WARN_DIRECT_OBJC_ISA_USAGE = YES_ERROR;
				CLANG_WARN_EMPTY_BODY = YES;
				CLANG_WARN_ENUM_CONVERSION = YES;
				CLANG_WARN_INT_CONVERSION = YES;
				CLANG_WARN_OBJC_ROOT_CLASS = YES_ERROR;
				CLANG_WARN_UNREACHABLE_CODE = YES;
				CLANG_WARN__DUPLICATE_METHOD_MATCH = YES;
				"CODE_SIGN_IDENTITY[sdk=iphoneos*]" = "iPhone Developer";
				COPY_PHASE_STRIP = NO;
				DEBUG_INFORMATION_FORMAT = "dwarf-with-dsym";
				ENABLE_NS_ASSERTIONS = NO;
				ENABLE_STRICT_OBJC_MSGSEND = YES;
				GCC_C_LANGUAGE_STANDARD = gnu99;
				GCC_NO_COMMON_BLOCKS = YES;
				GCC_WARN_64_TO_32_BIT_CONVERSION = YES;
				GCC_WARN_ABOUT_RETURN_TYPE = YES_ERROR;
				GCC_WARN_UNDECLARED_SELECTOR = YES;
				GCC_WARN_UNINITIALIZED_AUTOS = YES_AGGRESSIVE;
				GCC_WARN_UNUSED_FUNCTION = YES;
				GCC_WARN_UNUSED_VARIABLE = YES;
				IPHONEOS_DEPLOYMENT_TARGET = 8.4;
				MTL_ENABLE_DEBUG_INFO = NO;
				SDKROOT = iphoneos;
				TARGETED_DEVICE_FAMILY = "1,2";
				VALIDATE_PRODUCT = YES;
			};
			name = Release;
		};
		933ACFEC1BF1FC460036284F /* Debug */ = {
			isa = XCBuildConfiguration;
			baseConfigurationReference = 32B5A7BEFF2929E39404928E /* Pods.debug.xcconfig */;
			buildSettings = {
				ASSETCATALOG_COMPILER_APPICON_NAME = AppIcon;
				INFOPLIST_FILE = Blocstagram/Info.plist;
				LD_RUNPATH_SEARCH_PATHS = "$(inherited) @executable_path/Frameworks";
				PRODUCT_BUNDLE_IDENTIFIER = "com.eric-ehamberlin.$(PRODUCT_NAME:rfc1034identifier)";
				PRODUCT_NAME = "$(TARGET_NAME)";
			};
			name = Debug;
		};
		933ACFED1BF1FC460036284F /* Release */ = {
			isa = XCBuildConfiguration;
			baseConfigurationReference = 6D8C1D380CD051F34EED4155 /* Pods.release.xcconfig */;
			buildSettings = {
				ASSETCATALOG_COMPILER_APPICON_NAME = AppIcon;
				INFOPLIST_FILE = Blocstagram/Info.plist;
				LD_RUNPATH_SEARCH_PATHS = "$(inherited) @executable_path/Frameworks";
				PRODUCT_BUNDLE_IDENTIFIER = "com.eric-ehamberlin.$(PRODUCT_NAME:rfc1034identifier)";
				PRODUCT_NAME = "$(TARGET_NAME)";
			};
			name = Release;
		};
		933ACFEF1BF1FC460036284F /* Debug */ = {
			isa = XCBuildConfiguration;
			buildSettings = {
				BUNDLE_LOADER = "$(TEST_HOST)";
				FRAMEWORK_SEARCH_PATHS = (
					"$(SDKROOT)/Developer/Library/Frameworks",
					"$(inherited)",
				);
				GCC_PREPROCESSOR_DEFINITIONS = (
					"DEBUG=1",
					"$(inherited)",
				);
				INFOPLIST_FILE = BlocstagramTests/Info.plist;
				LD_RUNPATH_SEARCH_PATHS = "$(inherited) @executable_path/Frameworks @loader_path/Frameworks";
				PRODUCT_BUNDLE_IDENTIFIER = "com.eric-ehamberlin.$(PRODUCT_NAME:rfc1034identifier)";
				PRODUCT_NAME = "$(TARGET_NAME)";
				TEST_HOST = "$(BUILT_PRODUCTS_DIR)/Blocstagram.app/Blocstagram";
			};
			name = Debug;
		};
		933ACFF01BF1FC460036284F /* Release */ = {
			isa = XCBuildConfiguration;
			buildSettings = {
				BUNDLE_LOADER = "$(TEST_HOST)";
				FRAMEWORK_SEARCH_PATHS = (
					"$(SDKROOT)/Developer/Library/Frameworks",
					"$(inherited)",
				);
				INFOPLIST_FILE = BlocstagramTests/Info.plist;
				LD_RUNPATH_SEARCH_PATHS = "$(inherited) @executable_path/Frameworks @loader_path/Frameworks";
				PRODUCT_BUNDLE_IDENTIFIER = "com.eric-ehamberlin.$(PRODUCT_NAME:rfc1034identifier)";
				PRODUCT_NAME = "$(TARGET_NAME)";
				TEST_HOST = "$(BUILT_PRODUCTS_DIR)/Blocstagram.app/Blocstagram";
			};
			name = Release;
		};
/* End XCBuildConfiguration section */

/* Begin XCConfigurationList section */
		933ACFC31BF1FC450036284F /* Build configuration list for PBXProject "Blocstagram" */ = {
			isa = XCConfigurationList;
			buildConfigurations = (
				933ACFE91BF1FC460036284F /* Debug */,
				933ACFEA1BF1FC460036284F /* Release */,
			);
			defaultConfigurationIsVisible = 0;
			defaultConfigurationName = Release;
		};
		933ACFEB1BF1FC460036284F /* Build configuration list for PBXNativeTarget "Blocstagram" */ = {
			isa = XCConfigurationList;
			buildConfigurations = (
				933ACFEC1BF1FC460036284F /* Debug */,
				933ACFED1BF1FC460036284F /* Release */,
			);
			defaultConfigurationIsVisible = 0;
			defaultConfigurationName = Release;
		};
		933ACFEE1BF1FC460036284F /* Build configuration list for PBXNativeTarget "BlocstagramTests" */ = {
			isa = XCConfigurationList;
			buildConfigurations = (
				933ACFEF1BF1FC460036284F /* Debug */,
				933ACFF01BF1FC460036284F /* Release */,
			);
			defaultConfigurationIsVisible = 0;
			defaultConfigurationName = Release;
		};
/* End XCConfigurationList section */
	};
	rootObject = 933ACFC01BF1FC450036284F /* Project object */;
}
